
Microsoft Visual Studio Solution File, Format Version 12.00
# Visual Studio Version 16
VisualStudioVersion = 16.0.33529.622
MinimumVisualStudioVersion = 10.0.40219.1
Project("{FAE04EC0-301F-11D3-BF4B-00C04F79EFBC}") = "BadgeNotification", "BadgeNotification\BadgeNotification.csproj", "{C420988C-CA85-4191-A3F9-E54FF42B926C}"
EndProject
Global
	GlobalSection(SolutionConfigurationPlatforms) = preSolution
		Debug|Any CPU = Debug|Any CPU
		Release|Any CPU = Release|Any CPU
	EndGlobalSection
	GlobalSection(ProjectConfigurationPlatforms) = postSolution
		{C420988C-CA85-4191-A3F9-E54FF42B926C}.Debug|Any CPU.ActiveCfg = Debug|Any CPU
		{C420988C-CA85-4191-A3F9-E54FF42B926C}.Debug|Any CPU.Build.0 = Debug|Any CPU
		{C420988C-CA85-4191-A3F9-E54FF42B926C}.Release|Any CPU.ActiveCfg = Release|Any CPU
		{C420988C-CA85-4191-A3F9-E54FF42B926C}.Release|Any CPU.Build.0 = Release|Any CPU
	EndGlobalSection
	GlobalSection(SolutionProperties) = preSolution
		HideSolutionNode = FALSE
	EndGlobalSection
	GlobalSection(ExtensibilityGlobals) = postSolution
		SolutionGuid = {174A0ACF-8C5D-4AEC-9A9E-392917637A99}
	EndGlobalSection
EndGlobal
